
Microsoft Visual Studio Solution File, Format Version 12.00
# Visual Studio 15
VisualStudioVersion = 15.0.28307.852
MinimumVisualStudioVersion = 10.0.40219.1
Project("{8BC9CEB8-8B4A-11D0-8D11-00A0C91BC942}") = "Rock, paper, scizzors, lizzard, spok", "Rock, paper, scizzors, lizzard, spok\Rock, paper, scizzors, lizzard, spok.vcxproj", "{18DF64EA-29D8-469D-A321-48DC711E719B}"
EndProject
Global
	GlobalSection(SolutionConfigurationPlatforms) = preSolution
		Debug|x64 = Debug|x64
		Debug|x86 = Debug|x86
		Release|x64 = Release|x64
		Release|x86 = Release|x86
	EndGlobalSection
	GlobalSection(ProjectConfigurationPlatforms) = postSolution
		{18DF64EA-29D8-469D-A321-48DC711E719B}.Debug|x64.ActiveCfg = Debug|x64
		{18DF64EA-29D8-469D-A321-48DC711E719B}.Debug|x64.Build.0 = Debug|x64
		{18DF64EA-29D8-469D-A321-48DC711E719B}.Debug|x86.ActiveCfg = Debug|Win32
		{18DF64EA-29D8-469D-A321-48DC711E719B}.Debug|x86.Build.0 = Debug|Win32
		{18DF64EA-29D8-469D-A321-48DC711E719B}.Release|x64.ActiveCfg = Release|x64
		{18DF64EA-29D8-469D-A321-48DC711E719B}.Release|x64.Build.0 = Release|x64
		{18DF64EA-29D8-469D-A321-48DC711E719B}.Release|x86.ActiveCfg = Release|Win32
		{18DF64EA-29D8-469D-A321-48DC711E719B}.Release|x86.Build.0 = Release|Win32
	EndGlobalSection
	GlobalSection(SolutionProperties) = preSolution
		HideSolutionNode = FALSE
	EndGlobalSection
	GlobalSection(ExtensibilityGlobals) = postSolution
		SolutionGuid = {052ABA0A-274F-4096-87DC-B43854A2F8D9}
	EndGlobalSection
EndGlobal
